{
  "name": "pi-extensions",
  "lockfileVersion": 3,
  "requires": true,
  "packages": {
    "": {
      "name": "pi-extensions",
      "dependencies": {
        "@kjrjay/pi-sandbox": "0.2.0",
        "@narumitw/pi-github-pr": "0.31.0",
        "@narumitw/pi-goal": "0.43.0",
        "@narumitw/pi-plan-mode": "0.31.0",
        "@narumitw/pi-statusline": "0.31.0",
        "@narumitw/pi-usage": "0.31.0",
        "pi-btw": "0.4.1",
        "pi-image-tools": "1.4.0",
        "pi-nvim": "0.2.4",
        "pi-subagents": "0.35.1",
        "pi-vim": "0.14.1",
        "pisesh": "0.1.12",
        "typebox": "1.1.38"
      }
    },
    "node_modules/@kjrjay/pi-sandbox": {
      "version": "0.2.0",
      "resolved": "https://registry.npmjs.org/@kjrjay/pi-sandbox/-/pi-sandbox-0.2.0.tgz",
      "integrity": "sha512-cKATusSLRfo1OEFcFFh5k+ck1RtkrXXHZW/6qguVdZHH1zdljs5+JP759VBpMWIqlA18cnVsS8tiszkZr5TN9g==",
      "license": "MIT",
      "peerDependencies": {
        "@earendil-works/pi-agent-core": "*",
        "@earendil-works/pi-ai": "*",
        "@earendil-works/pi-coding-agent": "*",
        "@earendil-works/pi-tui": "*",
        "typebox": "*"
      }
    },
    "node_modules/@mariozechner/clipboard": {
      "version": "0.3.9",
      "resolved": "https://registry.npmjs.org/@mariozechner/clipboard/-/clipboard-0.3.9.tgz",
      "integrity": "sha512-ABnA53mdfkGZwOFUdZNv2S0CWGO/EIuPj8Vv9xmBFmSYg/qFc7ihO6q5FcQjvoE67kZpWkEc4AhD6B/os04yuA==",
      "license": "MIT",
      "optional": true,
      "engines": {
        "node": ">= 10"
      },
      "optionalDependencies": {
        "@mariozechner/clipboard-darwin-arm64": "0.3.9",
        "@mariozechner/clipboard-darwin-universal": "0.3.9",
        "@mariozechner/clipboard-darwin-x64": "0.3.9",
        "@mariozechner/clipboard-linux-arm64-gnu": "0.3.9",
        "@mariozechner/clipboard-linux-arm64-musl": "0.3.9",
        "@mariozechner/clipboard-linux-riscv64-gnu": "0.3.9",
        "@mariozechner/clipboard-linux-x64-gnu": "0.3.9",
        "@mariozechner/clipboard-linux-x64-musl": "0.3.9",
        "@mariozechner/clipboard-win32-arm64-msvc": "0.3.9",
        "@mariozechner/clipboard-win32-x64-msvc": "0.3.9"
      }
    },
    "node_modules/@mariozechner/clipboard-darwin-arm64": {
      "version": "0.3.9",
      "resolved": "https://registry.npmjs.org/@mariozechner/clipboard-darwin-arm64/-/clipboard-darwin-arm64-0.3.9.tgz",
      "integrity": "sha512-BfgV7vCEWZwJwZJw03r6bP5+tf0iI/ANuQYCxi9RNn7FrWB3yzGuMKCrNLRl6V761vXRdL8+OqZ0wd4TqlsNOQ==",
      "cpu": [
        "arm64"
      ],
      "license": "MIT",
      "optional": true,
      "os": [
        "darwin"
      ],
      "engines": {
        "node": ">= 10"
      }
    },
    "node_modules/@mariozechner/clipboard-darwin-universal": {
      "version": "0.3.9",
      "resolved": "https://registry.npmjs.org/@mariozechner/clipboard-darwin-universal/-/clipboard-darwin-universal-0.3.9.tgz",
      "integrity": "sha512-BGGR4iA9Z2shAjI65eI5xtyb3LYNlDW9X3gxKxDbqtbnREohsrqznov6zpKoIrsRWpzlYVEdKphS7ksJ0/ndSQ==",
      "license": "MIT",
      "optional": true,
      "os": [
        "darwin"
      ],
      "engines": {
        "node": ">= 10"
      }
    },
    "node_modules/@mariozechner/clipboard-darwin-x64": {
      "version": "0.3.9",
      "resolved": "https://registry.npmjs.org/@mariozechner/clipboard-darwin-x64/-/clipboard-darwin-x64-0.3.9.tgz",
      "integrity": "sha512-4kURmCbS6nt8uYhtmWpUcJWyPHfmAr5dTpXD1nO3pIfa+TSQ9DbrGOYCKH+aEFW47XhQ4Vp8ZTszie+wfFvDKg==",
      "cpu": [
        "x64"
      ],
      "license": "MIT",
      "optional": true,
      "os": [
        "darwin"
      ],
      "engines": {
        "node": ">= 10"
      }
    },
    "node_modules/@mariozechner/clipboard-linux-arm64-gnu": {
      "version": "0.3.9",
      "resolved": "https://registry.npmjs.org/@mariozechner/clipboard-linux-arm64-gnu/-/clipboard-linux-arm64-gnu-0.3.9.tgz",
      "integrity": "sha512-g59OkUGP2DDfCOIKypHeYgv2M55u/cKvXa5dSxFbEJ34XvIQMdcVmpKCkGUro3ZgefXiGVdwguvTMQGpHWzIXw==",
      "cpu": [
        "arm64"
      ],
      "license": "MIT",
      "optional": true,
      "os": [
        "linux"
      ],
      "engines": {
        "node": ">= 10"
      }
    },
    "node_modules/@mariozechner/clipboard-linux-arm64-musl": {
      "version": "0.3.9",
      "resolved": "https://registry.npmjs.org/@mariozechner/clipboard-linux-arm64-musl/-/clipboard-linux-arm64-musl-0.3.9.tgz",
      "integrity": "sha512-AGuJdgKsmJdm4Pych7kv3sqe591ERRaAHW3xjLooiFzn8J+PxUyof++7YZrB5Y5tpnTO+K18Og3taj2NpluCRQ==",
      "cpu": [
        "arm64"
      ],
      "license": "MIT",
      "optional": true,
      "os": [
        "linux"
      ],
      "engines": {
        "node": ">= 10"
      }
    },
    "node_modules/@mariozechner/clipboard-linux-riscv64-gnu": {
      "version": "0.3.9",
      "resolved": "https://registry.npmjs.org/@mariozechner/clipboard-linux-riscv64-gnu/-/clipboard-linux-riscv64-gnu-0.3.9.tgz",
      "integrity": "sha512-DXBEAiuMpk7dhS1a9NzNxVAFi1vaKoPu7rQNgY8LIDLGrK3lnIp3nT10DUum+PKVJoJppIP+NAA8IZe4DMNDPw==",
      "cpu": [
        "riscv64"
      ],
      "license": "MIT",
      "optional": true,
      "os": [
        "linux"
      ],
      "engines": {
        "node": ">= 10"
      }
    },
    "node_modules/@mariozechner/clipboard-linux-x64-gnu": {
      "version": "0.3.9",
      "resolved": "https://registry.npmjs.org/@mariozechner/clipboard-linux-x64-gnu/-/clipboard-linux-x64-gnu-0.3.9.tgz",
      "integrity": "sha512-WORrMLd6EpElEME7JRKfSaY34nW1P5LbdgK5YNCS1ncG2LqmITsSMEJ8nh2mpvxb3TxqbOOKgY7k9eMJYlW9Mw==",
      "cpu": [
        "x64"
      ],
      "license": "MIT",
      "optional": true,
      "os": [
        "linux"
      ],
      "engines": {
        "node": ">= 10"
      }
    },
    "node_modules/@mariozechner/clipboard-linux-x64-musl": {
      "version": "0.3.9",
      "resolved": "https://registry.npmjs.org/@mariozechner/clipboard-linux-x64-musl/-/clipboard-linux-x64-musl-0.3.9.tgz",
      "integrity": "sha512-/DHn+1DrfL6oRaPPWXaOKvonFFrni666fxd+zFqiQEfvBH0tsHVWjq9iqBk0oDp0qaPA72lIMy5BptxISBEhZQ==",
      "cpu": [
        "x64"
      ],
      "license": "MIT",
      "optional": true,
      "os": [
        "linux"
      ],
      "engines": {
        "node": ">= 10"
      }
    },
    "node_modules/@mariozechner/clipboard-win32-arm64-msvc": {
      "version": "0.3.9",
      "resolved": "https://registry.npmjs.org/@mariozechner/clipboard-win32-arm64-msvc/-/clipboard-win32-arm64-msvc-0.3.9.tgz",
      "integrity": "sha512-O5FHD3ErkMwMhNzAfu3ggy0ug4z7btZuoQgwwxlzPrwV2bxlD6WDpqBY4NCgICAgZdDKdp+loUEKVAVt8aYnhQ==",
      "cpu": [
        "arm64"
      ],
      "license": "MIT",
      "optional": true,
      "os": [
        "win32"
      ],
      "engines": {
        "node": ">= 10"
      }
    },
    "node_modules/@mariozechner/clipboard-win32-x64-msvc": {
      "version": "0.3.9",
      "resolved": "https://registry.npmjs.org/@mariozechner/clipboard-win32-x64-msvc/-/clipboard-win32-x64-msvc-0.3.9.tgz",
      "integrity": "sha512-ihQC3EufqEY81vhXBgVBtK4prL+wc62zJsSvxrgz7K1hsdt6OObz6v9p3Rn1OG3GJksTTKMJF0u/guMISHPhSA==",
      "cpu": [
        "x64"
      ],
      "license": "MIT",
      "optional": true,
      "os": [
        "win32"
      ],
      "engines": {
        "node": ">= 10"
      }
    },
    "node_modules/@narumitw/pi-github-pr": {
      "version": "0.31.0",
      "resolved": "https://registry.npmjs.org/@narumitw/pi-github-pr/-/pi-github-pr-0.31.0.tgz",
      "integrity": "sha512-9HKNOvtYw4DQstt3Qpr+HAk6dq4sPVGkuUgIrVlWrKbBwa7xenAS1fa5VoX5R6Dhvp5Jm2oTpQd1TIaYYReoIw==",
      "license": "MIT"
    },
    "node_modules/@narumitw/pi-goal": {
      "version": "0.43.0",
      "resolved": "https://registry.npmjs.org/@narumitw/pi-goal/-/pi-goal-0.43.0.tgz",
      "integrity": "sha512-+HUjcd9u9Pr1YVqmPfDib09QTybZZKziEEgpiB0WfW/J38FWeH0+IfJy120TV3U9TolFLOKdhrdpUFFzly6CSA==",
      "license": "MIT",
      "dependencies": {
        "@narumitw/pi-tui-kit": "^0.40.0",
        "typebox": "^1.3.9"
      },
      "peerDependencies": {
        "@earendil-works/pi-ai": "*",
        "@earendil-works/pi-coding-agent": "*",
        "@earendil-works/pi-tui": "*"
      }
    },
    "node_modules/@narumitw/pi-goal/node_modules/typebox": {
      "version": "1.3.9",
      "resolved": "https://registry.npmjs.org/typebox/-/typebox-1.3.9.tgz",
      "integrity": "sha512-erh7xzupOex0jkMRU72du2Bq7w1aL8625CJuFEiE7dM4YoJqaxKZqwZw00rsrohS78uDICG3h7FhQ9iJQRDRqg==",
      "license": "MIT"
    },
    "node_modules/@narumitw/pi-plan-mode": {
      "version": "0.31.0",
      "resolved": "https://registry.npmjs.org/@narumitw/pi-plan-mode/-/pi-plan-mode-0.31.0.tgz",
      "integrity": "sha512-si1m+6A+afX70q0Iq0xFV7AeGtfgu5hhdwAViVVxGDlP2sSIOnSr83T/xnJPBfOMfNqFKpgtacV8fk4DEpaS9g==",
      "license": "MIT"
    },
    "node_modules/@narumitw/pi-statusline": {
      "version": "0.31.0",
      "resolved": "https://registry.npmjs.org/@narumitw/pi-statusline/-/pi-statusline-0.31.0.tgz",
      "integrity": "sha512-G1xqR4xOo1AeMdiDUYV/py1dTVkSPkmNA91J8yN9zDsi2Yy3vziMSoMYSr3U18dU3MqMJY7p9hYKK3CLTtJBug==",
      "license": "MIT"
    },
    "node_modules/@narumitw/pi-tui-kit": {
      "version": "0.40.0",
      "resolved": "https://registry.npmjs.org/@narumitw/pi-tui-kit/-/pi-tui-kit-0.40.0.tgz",
      "integrity": "sha512-gF7sZJXr48aF08s05sTVM2EdAaRrk0jH0Ca8HWBT21xknUObUHMQnf96OAI0VMzD9hwfT3ZsSJIVW3FNrPPcmw==",
      "license": "MIT",
      "peerDependencies": {
        "@earendil-works/pi-coding-agent": "*",
        "@earendil-works/pi-tui": "*"
      }
    },
    "node_modules/@narumitw/pi-usage": {
      "version": "0.31.0",
      "resolved": "https://registry.npmjs.org/@narumitw/pi-usage/-/pi-usage-0.31.0.tgz",
      "integrity": "sha512-rVnEnJG6OTYHcv8SKIG21KVfCRT7RwLYY6RSZmcogtc7/JoCZR3ReXr7UeI9XNjUSHcJpS4XXZaEA94TIRoYIg==",
      "license": "MIT",
      "peerDependencies": {
        "@earendil-works/pi-coding-agent": ">=0.81.0"
      }
    },
    "node_modules/jiti": {
      "version": "2.7.0",
      "resolved": "https://registry.npmjs.org/jiti/-/jiti-2.7.0.tgz",
      "integrity": "sha512-AC/7JofJvZGrrneWNaEnJeOLUx+JlGt7tNa0wZiRPT4MY1wmfKjt2+6O2p2uz2+skll8OZZmJMNqeke7kKbNgQ==",
      "license": "MIT",
      "bin": {
        "jiti": "lib/jiti-cli.mjs"
      }
    },
    "node_modules/pi-btw": {
      "version": "0.4.1",
      "resolved": "https://registry.npmjs.org/pi-btw/-/pi-btw-0.4.1.tgz",
      "integrity": "sha512-8W5O0Z4yD/teGszo1d5uk8xSQiPQTa+SI0FKv0V3ENggzGzFfL3wze8RTNUDTzN1eRtBhKRoTFgae86ddvy47g==",
      "license": "MIT",
      "peerDependencies": {
        "@earendil-works/pi-ai": ">=0.74.0 <1",
        "@earendil-works/pi-coding-agent": ">=0.74.0 <1",
        "@earendil-works/pi-tui": ">=0.74.0 <1"
      }
    },
    "node_modules/pi-image-tools": {
      "version": "1.4.0",
      "resolved": "https://registry.npmjs.org/pi-image-tools/-/pi-image-tools-1.4.0.tgz",
      "integrity": "sha512-u/hdhwpn5roufIjtUMVUE8CNOnzUrHFJQj4e2HjTSJ+f6CQ8ms7dj/Tz8/PsCqfSZSe3vMkn79V+k+9qPi6bmw==",
      "hasInstallScript": true,
      "license": "MIT",
      "engines": {
        "node": ">=20"
      },
      "optionalDependencies": {
        "@mariozechner/clipboard": "^0.3.9"
      },
      "peerDependencies": {
        "@earendil-works/pi-coding-agent": "^0.74.0 || ^0.75.0 || ^0.77.0 || ^0.78.0 || ^0.79.0 || ^0.80.0",
        "@earendil-works/pi-tui": "^0.74.0 || ^0.75.0 || ^0.77.0 || ^0.78.0 || ^0.79.0 || ^0.80.0"
      }
    },
    "node_modules/pi-nvim": {
      "version": "0.2.4",
      "resolved": "https://registry.npmjs.org/pi-nvim/-/pi-nvim-0.2.4.tgz",
      "integrity": "sha512-d03Lr+vIQp17QGrA5H9YQuv6dxKUxCQywUNVmhhsI4EGnX/aHBz9svoYtI4WRlnx2VA/BsUbjPcbJ20Q84+T0g==",
      "license": "MIT",
      "peerDependencies": {
        "@earendil-works/pi-coding-agent": "^0.74.0"
      },
      "peerDependenciesMeta": {
        "@earendil-works/pi-coding-agent": {
          "optional": true
        }
      }
    },
    "node_modules/pi-subagents": {
      "version": "0.35.1",
      "resolved": "https://registry.npmjs.org/pi-subagents/-/pi-subagents-0.35.1.tgz",
      "integrity": "sha512-nIH6liO541FZ1RoeEu58Ligd59tiNw0/ODPgHh7uvx9Dk4UpWH08F84/l1+hXCzUgC85OCmyVtngWkZjcK94Cg==",
      "license": "MIT",
      "dependencies": {
        "jiti": "2.7.0",
        "yaml": "2.8.3"
      },
      "bin": {
        "pi-subagents": "install.mjs"
      },
      "peerDependencies": {
        "@earendil-works/pi-agent-core": "*",
        "@earendil-works/pi-ai": "*",
        "@earendil-works/pi-coding-agent": "*",
        "@earendil-works/pi-tui": "*",
        "typebox": "*"
      },
      "peerDependenciesMeta": {
        "@earendil-works/pi-agent-core": {
          "optional": true
        },
        "@earendil-works/pi-ai": {
          "optional": true
        },
        "@earendil-works/pi-coding-agent": {
          "optional": true
        },
        "@earendil-works/pi-tui": {
          "optional": true
        },
        "typebox": {
          "optional": true
        }
      }
    },
    "node_modules/pi-vim": {
      "version": "0.14.1",
      "resolved": "https://registry.npmjs.org/pi-vim/-/pi-vim-0.14.1.tgz",
      "integrity": "sha512-m8/j84pGlu01b6aucqgDQQQcS4kU+B0ws6/LIKB/HMWb43xVFXLqdZN06Op5OhBm+9aDDUkzFfFp3ErrtwLNRQ==",
      "license": "MIT",
      "peerDependencies": {
        "@earendil-works/pi-coding-agent": "*",
        "@earendil-works/pi-tui": ">=0.74.0"
      }
    },
    "node_modules/pisesh": {
      "version": "0.1.12",
      "resolved": "https://registry.npmjs.org/pisesh/-/pisesh-0.1.12.tgz",
      "integrity": "sha512-7ZzjbWLaSY6SZY6WskVDSZnYHOqJZMWZrgHx58CXiNXzRfXt/ZDVBqUII/+RMvKMHyEyakMYdP2dMIK90Z1fGw==",
      "license": "MIT",
      "bin": {
        "pisesh": "bin/pisesh"
      },
      "engines": {
        "node": ">=18"
      }
    },
    "node_modules/typebox": {
      "version": "1.1.38",
      "resolved": "https://registry.npmjs.org/typebox/-/typebox-1.1.38.tgz",
      "integrity": "sha512-pZ0aQPmMmXoUvSbeuWf/Hzsc+avNw/Zd6VeE8CFgkVGWyuHPJvqeJJDeJqLve+K70LvjYIoleGcoJHPT17cWoA==",
      "license": "MIT"
    },
    "node_modules/yaml": {
      "version": "2.8.3",
      "resolved": "https://registry.npmjs.org/yaml/-/yaml-2.8.3.tgz",
      "integrity": "sha512-AvbaCLOO2Otw/lW5bmh9d/WEdcDFdQp2Z2ZUH3pX9U2ihyUY0nvLv7J6TrWowklRGPYbB/IuIMfYgxaCPg5Bpg==",
      "license": "ISC",
      "bin": {
        "yaml": "bin.mjs"
      },
      "engines": {
        "node": ">= 14.6"
      },
      "funding": {
        "url": "https://github.com/sponsors/eemeli"
      }
    }
  }
}
