{
  "name": "pi-extensions",
  "lockfileVersion": 3,
  "requires": true,
  "packages": {
    "": {
      "name": "pi-extensions",
      "dependencies": {
        "@aliou/pi-guardrails": "^0.16.0",
        "@aliou/pi-processes": "^0.9.4",
        "@narumitw/pi-github-pr": "^0.31.0",
        "@narumitw/pi-lsp": "^0.32.0",
        "@narumitw/pi-plan-mode": "^0.31.0",
        "@narumitw/pi-statusline": "^0.31.0",
        "@narumitw/pi-usage": "^0.31.0",
        "@tifan/pi-fixed-editor": "^0.2.5",
        "pi-btw": "^0.4.1",
        "pi-notify-agent": "^0.1.2",
        "pi-nvim": "^0.2.4",
        "pi-side-agents": "^1.1.3",
        "pi-vim": "^0.14.1",
        "pisesh": "^0.1.12"
      }
    },
    "node_modules/@aliou/pi-guardrails": {
      "version": "0.16.0",
      "resolved": "https://registry.npmjs.org/@aliou/pi-guardrails/-/pi-guardrails-0.16.0.tgz",
      "integrity": "sha512-fxgY3VPbNN39BwrugVqC9MFJz9NVfUjauVu6qvj4+14zNEWgDLvfaYcJl5c7VvydP6wsX4yMIHZBaukbVlvT+A==",
      "license": "MIT",
      "dependencies": {
        "@aliou/pi-utils-settings": "^0.17.0",
        "@aliou/sh": "^0.1.0"
      },
      "peerDependencies": {
        "@earendil-works/pi-coding-agent": "*",
        "@earendil-works/pi-tui": "*"
      },
      "peerDependenciesMeta": {
        "@earendil-works/pi-coding-agent": {
          "optional": true
        },
        "@earendil-works/pi-tui": {
          "optional": true
        }
      }
    },
    "node_modules/@aliou/pi-guardrails/node_modules/@aliou/pi-utils-settings": {
      "version": "0.17.0",
      "resolved": "https://registry.npmjs.org/@aliou/pi-utils-settings/-/pi-utils-settings-0.17.0.tgz",
      "integrity": "sha512-9HEowgN/qrRnXVtNpAHSkJdeid++C0JPNv8Z0R//uI5xMsWhDWDQtR6RJbRF0rNS1dvaw2FnjK7bX6bDdxuwzA==",
      "license": "MIT",
      "dependencies": {
        "@aliou/pi-utils-ui": "^0.4.1"
      },
      "peerDependencies": {
        "@earendil-works/pi-coding-agent": ">=0.74.0 <1"
      },
      "peerDependenciesMeta": {
        "@earendil-works/pi-coding-agent": {
          "optional": true
        }
      }
    },
    "node_modules/@aliou/pi-processes": {
      "version": "0.9.4",
      "resolved": "https://registry.npmjs.org/@aliou/pi-processes/-/pi-processes-0.9.4.tgz",
      "integrity": "sha512-J+5ArOq30v+yLBohJxjY1NPva5QjcuFV0LS2A7OGlWOWJMvPybed1m8BX7pFdQOIS+cjw5VVysrzHpOJRe8d8A==",
      "license": "MIT",
      "dependencies": {
        "@aliou/pi-utils-settings": "^0.15.1",
        "@aliou/pi-utils-ui": "^0.4.1",
        "@aliou/sh": "^0.1.0"
      },
      "peerDependencies": {
        "@earendil-works/pi-ai": "*",
        "@earendil-works/pi-coding-agent": "*",
        "@earendil-works/pi-tui": "*",
        "typebox": "*"
      },
      "peerDependenciesMeta": {
        "@earendil-works/pi-ai": {
          "optional": true
        },
        "@earendil-works/pi-coding-agent": {
          "optional": true
        },
        "@earendil-works/pi-tui": {
          "optional": true
        },
        "typebox": {
          "optional": true
        }
      }
    },
    "node_modules/@aliou/pi-utils-settings": {
      "version": "0.15.1",
      "resolved": "https://registry.npmjs.org/@aliou/pi-utils-settings/-/pi-utils-settings-0.15.1.tgz",
      "integrity": "sha512-oECJ4c/BaYQvzMKHVuNg2HJOd9Fh4+mWglKOqeDfu8mu28VYpJqMrAOqgOh3XWPTb2cPWzlavPEjFZ2FzUBBQg==",
      "license": "MIT",
      "dependencies": {
        "@aliou/pi-utils-ui": "^0.4.1"
      },
      "peerDependencies": {
        "@earendil-works/pi-coding-agent": ">=0.74.0 <1"
      },
      "peerDependenciesMeta": {
        "@earendil-works/pi-coding-agent": {
          "optional": true
        }
      }
    },
    "node_modules/@aliou/pi-utils-ui": {
      "version": "0.4.1",
      "resolved": "https://registry.npmjs.org/@aliou/pi-utils-ui/-/pi-utils-ui-0.4.1.tgz",
      "integrity": "sha512-1oJraVjjlZD8UM41472MF1O8a41/4OvAxdH/HlQsahZH/gBkhahGw/EjlcVqXTWnCQfo+4X6PksRz63erNsPwQ==",
      "license": "MIT",
      "peerDependencies": {
        "@earendil-works/pi-coding-agent": ">=0.74.0 <1",
        "@earendil-works/pi-tui": ">=0.74.0 <1"
      },
      "peerDependenciesMeta": {
        "@earendil-works/pi-coding-agent": {
          "optional": true
        },
        "@earendil-works/pi-tui": {
          "optional": true
        }
      }
    },
    "node_modules/@aliou/sh": {
      "version": "0.1.0",
      "resolved": "https://registry.npmjs.org/@aliou/sh/-/sh-0.1.0.tgz",
      "integrity": "sha512-MtVSUqNAHK8a0yQdwv4ADlTIBnEg8bpFXcqp0PaxwqxhSWAxcIrpAIPbsc3CJnUK3R++BcgaxBZ5saicHtU+8Q==",
      "license": "UNLICENSED",
      "engines": {
        "node": ">=22"
      }
    },
    "node_modules/@narumitw/pi-github-pr": {
      "version": "0.31.0",
      "resolved": "https://registry.npmjs.org/@narumitw/pi-github-pr/-/pi-github-pr-0.31.0.tgz",
      "integrity": "sha512-9HKNOvtYw4DQstt3Qpr+HAk6dq4sPVGkuUgIrVlWrKbBwa7xenAS1fa5VoX5R6Dhvp5Jm2oTpQd1TIaYYReoIw==",
      "license": "MIT"
    },
    "node_modules/@narumitw/pi-lsp": {
      "version": "0.32.0",
      "resolved": "https://registry.npmjs.org/@narumitw/pi-lsp/-/pi-lsp-0.32.0.tgz",
      "integrity": "sha512-Hwipq7dzOoy3eEyU5CUypB5d8WbIX3EUNsEY6V3jK2iqmzmaKMx8CYMQVYJ9Nqd7NWX7oeEzny6rWL9hEa7I0Q==",
      "license": "MIT",
      "dependencies": {
        "typebox": "^1.3.8"
      }
    },
    "node_modules/@narumitw/pi-plan-mode": {
      "version": "0.31.0",
      "resolved": "https://registry.npmjs.org/@narumitw/pi-plan-mode/-/pi-plan-mode-0.31.0.tgz",
      "integrity": "sha512-si1m+6A+afX70q0Iq0xFV7AeGtfgu5hhdwAViVVxGDlP2sSIOnSr83T/xnJPBfOMfNqFKpgtacV8fk4DEpaS9g==",
      "license": "MIT"
    },
    "node_modules/@narumitw/pi-statusline": {
      "version": "0.31.0",
      "resolved": "https://registry.npmjs.org/@narumitw/pi-statusline/-/pi-statusline-0.31.0.tgz",
      "integrity": "sha512-G1xqR4xOo1AeMdiDUYV/py1dTVkSPkmNA91J8yN9zDsi2Yy3vziMSoMYSr3U18dU3MqMJY7p9hYKK3CLTtJBug==",
      "license": "MIT"
    },
    "node_modules/@narumitw/pi-usage": {
      "version": "0.31.0",
      "resolved": "https://registry.npmjs.org/@narumitw/pi-usage/-/pi-usage-0.31.0.tgz",
      "integrity": "sha512-rVnEnJG6OTYHcv8SKIG21KVfCRT7RwLYY6RSZmcogtc7/JoCZR3ReXr7UeI9XNjUSHcJpS4XXZaEA94TIRoYIg==",
      "license": "MIT",
      "peerDependencies": {
        "@earendil-works/pi-coding-agent": ">=0.81.0"
      }
    },
    "node_modules/@tifan/pi-fixed-editor": {
      "version": "0.2.5",
      "resolved": "https://registry.npmjs.org/@tifan/pi-fixed-editor/-/pi-fixed-editor-0.2.5.tgz",
      "integrity": "sha512-54Vfj1K+RxBBGFA7wJ+INWRtpefa2jTNRgmc9xWddS2upI1gHYqtGQQz+xPVmaP/X6cys8PB+dWWMXkZmO/73Q==",
      "license": "MIT",
      "engines": {
        "node": ">=20"
      },
      "peerDependencies": {
        "@earendil-works/pi-coding-agent": ">=0.78.0",
        "@earendil-works/pi-tui": ">=0.78.0"
      }
    },
    "node_modules/pi-btw": {
      "version": "0.4.1",
      "resolved": "https://registry.npmjs.org/pi-btw/-/pi-btw-0.4.1.tgz",
      "integrity": "sha512-8W5O0Z4yD/teGszo1d5uk8xSQiPQTa+SI0FKv0V3ENggzGzFfL3wze8RTNUDTzN1eRtBhKRoTFgae86ddvy47g==",
      "license": "MIT",
      "peerDependencies": {
        "@earendil-works/pi-ai": ">=0.74.0 <1",
        "@earendil-works/pi-coding-agent": ">=0.74.0 <1",
        "@earendil-works/pi-tui": ">=0.74.0 <1"
      }
    },
    "node_modules/pi-notify-agent": {
      "version": "0.1.2",
      "resolved": "https://registry.npmjs.org/pi-notify-agent/-/pi-notify-agent-0.1.2.tgz",
      "integrity": "sha512-noQm4KPkGM5JERJznbo6frRYZ65MjtWPHZCZxDXXSse9PAfPVaUU8oNQteyqfSFpoxCJokajFHLnyRBnhyOVQA==",
      "license": "MIT",
      "engines": {
        "node": ">=20"
      },
      "peerDependencies": {
        "@mariozechner/pi-agent-core": "*",
        "@mariozechner/pi-ai": "*",
        "@mariozechner/pi-coding-agent": "*"
      }
    },
    "node_modules/pi-nvim": {
      "version": "0.2.4",
      "resolved": "https://registry.npmjs.org/pi-nvim/-/pi-nvim-0.2.4.tgz",
      "integrity": "sha512-d03Lr+vIQp17QGrA5H9YQuv6dxKUxCQywUNVmhhsI4EGnX/aHBz9svoYtI4WRlnx2VA/BsUbjPcbJ20Q84+T0g==",
      "license": "MIT",
      "peerDependencies": {
        "@earendil-works/pi-coding-agent": "^0.74.0"
      },
      "peerDependenciesMeta": {
        "@earendil-works/pi-coding-agent": {
          "optional": true
        }
      }
    },
    "node_modules/pi-side-agents": {
      "version": "1.1.3",
      "resolved": "https://registry.npmjs.org/pi-side-agents/-/pi-side-agents-1.1.3.tgz",
      "integrity": "sha512-L95VYv7tbTFkr7yKfL2YCra+mFDUTLBgeM2RDl0umYDGh/8H/hVsNzs6tYZaDmDhpboqS+liyppCJD+ZHDHD3w==",
      "license": "MIT",
      "engines": {
        "node": ">=18"
      },
      "peerDependencies": {
        "@earendil-works/pi-ai": "*",
        "@earendil-works/pi-coding-agent": "^0.80.0",
        "typebox": "*"
      }
    },
    "node_modules/pi-vim": {
      "version": "0.14.1",
      "resolved": "https://registry.npmjs.org/pi-vim/-/pi-vim-0.14.1.tgz",
      "integrity": "sha512-m8/j84pGlu01b6aucqgDQQQcS4kU+B0ws6/LIKB/HMWb43xVFXLqdZN06Op5OhBm+9aDDUkzFfFp3ErrtwLNRQ==",
      "license": "MIT",
      "peerDependencies": {
        "@earendil-works/pi-coding-agent": "*",
        "@earendil-works/pi-tui": ">=0.74.0"
      }
    },
    "node_modules/pisesh": {
      "version": "0.1.12",
      "resolved": "https://registry.npmjs.org/pisesh/-/pisesh-0.1.12.tgz",
      "integrity": "sha512-7ZzjbWLaSY6SZY6WskVDSZnYHOqJZMWZrgHx58CXiNXzRfXt/ZDVBqUII/+RMvKMHyEyakMYdP2dMIK90Z1fGw==",
      "license": "MIT",
      "bin": {
        "pisesh": "bin/pisesh"
      },
      "engines": {
        "node": ">=18"
      }
    },
    "node_modules/typebox": {
      "version": "1.3.8",
      "resolved": "https://registry.npmjs.org/typebox/-/typebox-1.3.8.tgz",
      "integrity": "sha512-xYaJgF0KMvBViKWRaKTAtfR6sDt/yH6xAjGAHXYJxKxUF4pVyPXZZhIlwOg6cDIE81N7L0pyIHs136RHBm6rLQ==",
      "license": "MIT"
    }
  }
}
